// !$*UTF8*$!
{
	archiveVersion = 1;
	classes = {
	};
	objectVersion = 55;
	objects = {

/* Begin PBXBuildFile section */
		B6176D4D277B3A310047848B /* NetflixCloneApp.swift in Sources */ = {isa = PBXBuildFile; fileRef = B6176D4C277B3A310047848B /* NetflixCloneApp.swift */; };
		B6176D4F277B3A310047848B /* ContentView.swift in Sources */ = {isa = PBXBuildFile; fileRef = B6176D4E277B3A310047848B /* ContentView.swift */; };
		B6176D51277B3A330047848B /* Assets.xcassets in Resources */ = {isa = PBXBuildFile; fileRef = B6176D50277B3A330047848B /* Assets.xcassets */; };
		B6176D54277B3A330047848B /* Preview Assets.xcassets in Resources */ = {isa = PBXBuildFile; fileRef = B6176D53277B3A330047848B /* Preview Assets.xcassets */; };
		B6176D5C277B3CE70047848B /* HomeView.swift in Sources */ = {isa = PBXBuildFile; fileRef = B6176D5B277B3CE70047848B /* HomeView.swift */; };
		B6176D5F277B54730047848B /* Movie.swift in Sources */ = {isa = PBXBuildFile; fileRef = B6176D5E277B54730047848B /* Movie.swift */; };
		B6176D62277B55090047848B /* StandardMovieView.swift in Sources */ = {isa = PBXBuildFile; fileRef = B6176D61277B55090047848B /* StandardMovieView.swift */; };
		B6176D65277B55510047848B /* GlobalHelpers.swift in Sources */ = {isa = PBXBuildFile; fileRef = B6176D64277B55510047848B /* GlobalHelpers.swift */; };
		B6176D67277B58260047848B /* HomeVM.swift in Sources */ = {isa = PBXBuildFile; fileRef = B6176D66277B58260047848B /* HomeVM.swift */; };
		B6176D69277B62A60047848B /* TopMoviePreview.swift in Sources */ = {isa = PBXBuildFile; fileRef = B6176D68277B62A60047848B /* TopMoviePreview.swift */; };
		B6176D6C277B67A80047848B /* SmallVerticalButton.swift in Sources */ = {isa = PBXBuildFile; fileRef = B6176D6B277B67A80047848B /* SmallVerticalButton.swift */; };
		B6176D6E277B6F1B0047848B /* PlayButton.swift in Sources */ = {isa = PBXBuildFile; fileRef = B6176D6D277B6F1B0047848B /* PlayButton.swift */; };
		B624B7FF2786C7E90064FAC3 /* HomeStack.swift in Sources */ = {isa = PBXBuildFile; fileRef = B624B7FE2786C7E90064FAC3 /* HomeStack.swift */; };
		B6699ABB27800D6A00B207F3 /* MoreLikeView.swift in Sources */ = {isa = PBXBuildFile; fileRef = B6699ABA27800D6A00B207F3 /* MoreLikeView.swift */; };
		B6699ABD2780115800B207F3 /* Trailer.swift in Sources */ = {isa = PBXBuildFile; fileRef = B6699ABC2780115800B207F3 /* Trailer.swift */; };
		B6699AC0278011AA00B207F3 /* SwiftUIVideoView.swift in Sources */ = {isa = PBXBuildFile; fileRef = B6699ABF278011AA00B207F3 /* SwiftUIVideoView.swift */; };
		B6699AC2278013D400B207F3 /* VideoPreviewImage.swift in Sources */ = {isa = PBXBuildFile; fileRef = B6699AC1278013D400B207F3 /* VideoPreviewImage.swift */; };
		B6699AC42780152E00B207F3 /* TrailersMoreView.swift in Sources */ = {isa = PBXBuildFile; fileRef = B6699AC32780152E00B207F3 /* TrailersMoreView.swift */; };
		B6699AC627802A3400B207F3 /* EpisodesView.swift in Sources */ = {isa = PBXBuildFile; fileRef = B6699AC527802A3400B207F3 /* EpisodesView.swift */; };
		B6A883EC277D6E5600BD316D /* MovieDetails.swift in Sources */ = {isa = PBXBuildFile; fileRef = B6A883EB277D6E5600BD316D /* MovieDetails.swift */; };
		B6A883EE277D730000BD316D /* Episode.swift in Sources */ = {isa = PBXBuildFile; fileRef = B6A883ED277D72FF00BD316D /* Episode.swift */; };
		B6D48DB0277F658F0056AC60 /* CustomTabSwitcher.swift in Sources */ = {isa = PBXBuildFile; fileRef = B6D48DAF277F658F0056AC60 /* CustomTabSwitcher.swift */; };
		E19040D844ECFE7A79423566 /* Pods_NetflixClone.framework in Frameworks */ = {isa = PBXBuildFile; fileRef = 096B94148C0572E11DB25A65 /* Pods_NetflixClone.framework */; };
/* End PBXBuildFile section */

/* Begin PBXFileReference section */
		07645EE69FE260B66EED5070 /* Pods-NetflixClone.release.xcconfig */ = {isa = PBXFileReference; includeInIndex = 1; lastKnownFileType = text.xcconfig; name = "Pods-NetflixClone.release.xcconfig"; path = "Target Support Files/Pods-NetflixClone/Pods-NetflixClone.release.xcconfig"; sourceTree = "<group>"; };
		096B94148C0572E11DB25A65 /* Pods_NetflixClone.framework */ = {isa = PBXFileReference; explicitFileType = wrapper.framework; includeInIndex = 0; path = Pods_NetflixClone.framework; sourceTree = BUILT_PRODUCTS_DIR; };
		37A1E7A856BE91C0C8FAC1A9 /* Pods-NetflixClone.debug.xcconfig */ = {isa = PBXFileReference; includeInIndex = 1; lastKnownFileType = text.xcconfig; name = "Pods-NetflixClone.debug.xcconfig"; path = "Target Support Files/Pods-NetflixClone/Pods-NetflixClone.debug.xcconfig"; sourceTree = "<group>"; };
		B6176D49277B3A310047848B /* NetflixClone.app */ = {isa = PBXFileReference; explicitFileType = wrapper.application; includeInIndex = 0; path = NetflixClone.app; sourceTree = BUILT_PRODUCTS_DIR; };
		B6176D4C277B3A310047848B /* NetflixCloneApp.swift */ = {isa = PBXFileReference; lastKnownFileType = sourcecode.swift; path = NetflixCloneApp.swift; sourceTree = "<group>"; };
		B6176D4E277B3A310047848B /* ContentView.swift */ = {isa = PBXFileReference; lastKnownFileType = sourcecode.swift; path = ContentView.swift; sourceTree = "<group>"; };
		B6176D50277B3A330047848B /* Assets.xcassets */ = {isa = PBXFileReference; lastKnownFileType = folder.assetcatalog; path = Assets.xcassets; sourceTree = "<group>"; };
		B6176D53277B3A330047848B /* Preview Assets.xcassets */ = {isa = PBXFileReference; lastKnownFileType = folder.assetcatalog; path = "Preview Assets.xcassets"; sourceTree = "<group>"; };
		B6176D5B277B3CE70047848B /* HomeView.swift */ = {isa = PBXFileReference; lastKnownFileType = sourcecode.swift; path = HomeView.swift; sourceTree = "<group>"; };
		B6176D5E277B54730047848B /* Movie.swift */ = {isa = PBXFileReference; lastKnownFileType = sourcecode.swift; path = Movie.swift; sourceTree = "<group>"; };
		B6176D61277B55090047848B /* StandardMovieView.swift */ = {isa = PBXFileReference; lastKnownFileType = sourcecode.swift; path = StandardMovieView.swift; sourceTree = "<group>"; };
		B6176D64277B55510047848B /* GlobalHelpers.swift */ = {isa = PBXFileReference; lastKnownFileType = sourcecode.swift; path = GlobalHelpers.swift; sourceTree = "<group>"; };
		B6176D66277B58260047848B /* HomeVM.swift */ = {isa = PBXFileReference; lastKnownFileType = sourcecode.swift; path = HomeVM.swift; sourceTree = "<group>"; };
		B6176D68277B62A60047848B /* TopMoviePreview.swift */ = {isa = PBXFileReference; lastKnownFileType = sourcecode.swift; path = TopMoviePreview.swift; sourceTree = "<group>"; };
		B6176D6B277B67A80047848B /* SmallVerticalButton.swift */ = {isa = PBXFileReference; lastKnownFileType = sourcecode.swift; path = SmallVerticalButton.swift; sourceTree = "<group>"; };
		B6176D6D277B6F1B0047848B /* PlayButton.swift */ = {isa = PBXFileReference; lastKnownFileType = sourcecode.swift; path = PlayButton.swift; sourceTree = "<group>"; };
		B624B7FE2786C7E90064FAC3 /* HomeStack.swift */ = {isa = PBXFileReference; lastKnownFileType = sourcecode.swift; path = HomeStack.swift; sourceTree = "<group>"; };
		B6699ABA27800D6A00B207F3 /* MoreLikeView.swift */ = {isa = PBXFileReference; lastKnownFileType = sourcecode.swift; path = MoreLikeView.swift; sourceTree = "<group>"; };
		B6699ABC2780115800B207F3 /* Trailer.swift */ = {isa = PBXFileReference; lastKnownFileType = sourcecode.swift; path = Trailer.swift; sourceTree = "<group>"; };
		B6699ABF278011AA00B207F3 /* SwiftUIVideoView.swift */ = {isa = PBXFileReference; lastKnownFileType = sourcecode.swift; path = SwiftUIVideoView.swift; sourceTree = "<group>"; };
		B6699AC1278013D400B207F3 /* VideoPreviewImage.swift */ = {isa = PBXFileReference; lastKnownFileType = sourcecode.swift; path = VideoPreviewImage.swift; sourceTree = "<group>"; };
		B6699AC32780152E00B207F3 /* TrailersMoreView.swift */ = {isa = PBXFileReference; lastKnownFileType = sourcecode.swift; path = TrailersMoreView.swift; sourceTree = "<group>"; };
		B6699AC527802A3400B207F3 /* EpisodesView.swift */ = {isa = PBXFileReference; lastKnownFileType = sourcecode.swift; path = EpisodesView.swift; sourceTree = "<group>"; };
		B6A883EB277D6E5600BD316D /* MovieDetails.swift */ = {isa = PBXFileReference; lastKnownFileType = sourcecode.swift; path = MovieDetails.swift; sourceTree = "<group>"; };
		B6A883ED277D72FF00BD316D /* Episode.swift */ = {isa = PBXFileReference; lastKnownFileType = sourcecode.swift; path = Episode.swift; sourceTree = "<group>"; };
		B6D48DAF277F658F0056AC60 /* CustomTabSwitcher.swift */ = {isa = PBXFileReference; lastKnownFileType = sourcecode.swift; path = CustomTabSwitcher.swift; sourceTree = "<group>"; };
/* End PBXFileReference section */

/* Begin PBXFrameworksBuildPhase section */
		B6176D46277B3A310047848B /* Frameworks */ = {
			isa = PBXFrameworksBuildPhase;
			buildActionMask = 2147483647;
			files = (
				E19040D844ECFE7A79423566 /* Pods_NetflixClone.framework in Frameworks */,
			);
			runOnlyForDeploymentPostprocessing = 0;
		};
/* End PBXFrameworksBuildPhase section */

/* Begin PBXGroup section */
		05185E736E5D73F4DEDFEADB /* Pods */ = {
			isa = PBXGroup;
			children = (
				37A1E7A856BE91C0C8FAC1A9 /* Pods-NetflixClone.debug.xcconfig */,
				07645EE69FE260B66EED5070 /* Pods-NetflixClone.release.xcconfig */,
			);
			path = Pods;
			sourceTree = "<group>";
		};
		3B91EDA9053948BF8D3D8C95 /* Frameworks */ = {
			isa = PBXGroup;
			children = (
				096B94148C0572E11DB25A65 /* Pods_NetflixClone.framework */,
			);
			name = Frameworks;
			sourceTree = "<group>";
		};
		B6176D40277B3A310047848B = {
			isa = PBXGroup;
			children = (
				B6176D4B277B3A310047848B /* NetflixClone */,
				B6176D4A277B3A310047848B /* Products */,
				05185E736E5D73F4DEDFEADB /* Pods */,
				3B91EDA9053948BF8D3D8C95 /* Frameworks */,
			);
			sourceTree = "<group>";
		};
		B6176D4A277B3A310047848B /* Products */ = {
			isa = PBXGroup;
			children = (
				B6176D49277B3A310047848B /* NetflixClone.app */,
			);
			name = Products;
			sourceTree = "<group>";
		};
		B6176D4B277B3A310047848B /* NetflixClone */ = {
			isa = PBXGroup;
			children = (
				B6699ABE2780119900B207F3 /* VideoView */,
				B6A883EA277D6E4200BD316D /* MovieDetails */,
				B6176D6A277B679B0047848B /* Views */,
				B6176D63277B55460047848B /* Helpers */,
				B6176D5D277B546A0047848B /* Models */,
				B6176D5A277B3CD20047848B /* Home */,
				B6176D4C277B3A310047848B /* NetflixCloneApp.swift */,
				B6176D4E277B3A310047848B /* ContentView.swift */,
				B6176D50277B3A330047848B /* Assets.xcassets */,
				B6176D52277B3A330047848B /* Preview Content */,
			);
			path = NetflixClone;
			sourceTree = "<group>";
		};
		B6176D52277B3A330047848B /* Preview Content */ = {
			isa = PBXGroup;
			children = (
				B6176D53277B3A330047848B /* Preview Assets.xcassets */,
			);
			path = "Preview Content";
			sourceTree = "<group>";
		};
		B6176D5A277B3CD20047848B /* Home */ = {
			isa = PBXGroup;
			children = (
				B6176D60277B54F20047848B /* SubViews */,
				B6176D5B277B3CE70047848B /* HomeView.swift */,
				B6176D66277B58260047848B /* HomeVM.swift */,
			);
			path = Home;
			sourceTree = "<group>";
		};
		B6176D5D277B546A0047848B /* Models */ = {
			isa = PBXGroup;
			children = (
				B6176D5E277B54730047848B /* Movie.swift */,
				B6A883ED277D72FF00BD316D /* Episode.swift */,
				B6699ABC2780115800B207F3 /* Trailer.swift */,
			);
			path = Models;
			sourceTree = "<group>";
		};
		B6176D60277B54F20047848B /* SubViews */ = {
			isa = PBXGroup;
			children = (
				B6176D61277B55090047848B /* StandardMovieView.swift */,
				B6176D68277B62A60047848B /* TopMoviePreview.swift */,
				B624B7FE2786C7E90064FAC3 /* HomeStack.swift */,
			);
			path = SubViews;
			sourceTree = "<group>";
		};
		B6176D63277B55460047848B /* Helpers */ = {
			isa = PBXGroup;
			children = (
				B6176D64277B55510047848B /* GlobalHelpers.swift */,
			);
			path = Helpers;
			sourceTree = "<group>";
		};
		B6176D6A277B679B0047848B /* Views */ = {
			isa = PBXGroup;
			children = (
				B6176D6B277B67A80047848B /* SmallVerticalButton.swift */,
				B6176D6D277B6F1B0047848B /* PlayButton.swift */,
			);
			path = Views;
			sourceTree = "<group>";
		};
		B6699ABE2780119900B207F3 /* VideoView */ = {
			isa = PBXGroup;
			children = (
				B6699ABF278011AA00B207F3 /* SwiftUIVideoView.swift */,
			);
			path = VideoView;
			sourceTree = "<group>";
		};
		B6A883EA277D6E4200BD316D /* MovieDetails */ = {
			isa = PBXGroup;
			children = (
				B6A883EB277D6E5600BD316D /* MovieDetails.swift */,
				B6D48DAF277F658F0056AC60 /* CustomTabSwitcher.swift */,
				B6699ABA27800D6A00B207F3 /* MoreLikeView.swift */,
				B6699AC1278013D400B207F3 /* VideoPreviewImage.swift */,
				B6699AC32780152E00B207F3 /* TrailersMoreView.swift */,
				B6699AC527802A3400B207F3 /* EpisodesView.swift */,
			);
			path = MovieDetails;
			sourceTree = "<group>";
		};
/* End PBXGroup section */

/* Begin PBXNativeTarget section */
		B6176D48277B3A310047848B /* NetflixClone */ = {
			isa = PBXNativeTarget;
			buildConfigurationList = B6176D57277B3A330047848B /* Build configuration list for PBXNativeTarget "NetflixClone" */;
			buildPhases = (
				E2F931B373F5E88F9BCF1B8C /* [CP] Check Pods Manifest.lock */,
				B6176D45277B3A310047848B /* Sources */,
				B6176D46277B3A310047848B /* Frameworks */,
				B6176D47277B3A310047848B /* Resources */,
				CD34778CEBAB14C1FAE5B6A2 /* [CP] Embed Pods Frameworks */,
			);
			buildRules = (
			);
			dependencies = (
			);
			name = NetflixClone;
			productName = NetflixClone;
			productReference = B6176D49277B3A310047848B /* NetflixClone.app */;
			productType = "com.apple.product-type.application";
		};
/* End PBXNativeTarget section */

/* Begin PBXProject section */
		B6176D41277B3A310047848B /* Project object */ = {
			isa = PBXProject;
			attributes = {
				BuildIndependentTargetsInParallel = 1;
				LastSwiftUpdateCheck = 1320;
				LastUpgradeCheck = 1320;
				TargetAttributes = {
					B6176D48277B3A310047848B = {
						CreatedOnToolsVersion = 13.2;
					};
				};
			};
			buildConfigurationList = B6176D44277B3A310047848B /* Build configuration list for PBXProject "NetflixClone" */;
			compatibilityVersion = "Xcode 13.0";
			developmentRegion = en;
			hasScannedForEncodings = 0;
			knownRegions = (
				en,
				Base,
			);
			mainGroup = B6176D40277B3A310047848B;
			productRefGroup = B6176D4A277B3A310047848B /* Products */;
			projectDirPath = "";
			projectRoot = "";
			targets = (
				B6176D48277B3A310047848B /* NetflixClone */,
			);
		};
/* End PBXProject section */

/* Begin PBXResourcesBuildPhase section */
		B6176D47277B3A310047848B /* Resources */ = {
			isa = PBXResourcesBuildPhase;
			buildActionMask = 2147483647;
			files = (
				B6176D54277B3A330047848B /* Preview Assets.xcassets in Resources */,
				B6176D51277B3A330047848B /* Assets.xcassets in Resources */,
			);
			runOnlyForDeploymentPostprocessing = 0;
		};
/* End PBXResourcesBuildPhase section */

/* Begin PBXShellScriptBuildPhase section */
		CD34778CEBAB14C1FAE5B6A2 /* [CP] Embed Pods Frameworks */ = {
			isa = PBXShellScriptBuildPhase;
			buildActionMask = 2147483647;
			files = (
			);
			inputFileListPaths = (
				"${PODS_ROOT}/Target Support Files/Pods-NetflixClone/Pods-NetflixClone-frameworks-${CONFIGURATION}-input-files.xcfilelist",
			);
			name = "[CP] Embed Pods Frameworks";
			outputFileListPaths = (
				"${PODS_ROOT}/Target Support Files/Pods-NetflixClone/Pods-NetflixClone-frameworks-${CONFIGURATION}-output-files.xcfilelist",
			);
			runOnlyForDeploymentPostprocessing = 0;
			shellPath = /bin/sh;
			shellScript = "\"${PODS_ROOT}/Target Support Files/Pods-NetflixClone/Pods-NetflixClone-frameworks.sh\"\n";
			showEnvVarsInLog = 0;
		};
		E2F931B373F5E88F9BCF1B8C /* [CP] Check Pods Manifest.lock */ = {
			isa = PBXShellScriptBuildPhase;
			buildActionMask = 2147483647;
			files = (
			);
			inputFileListPaths = (
			);
			inputPaths = (
				"${PODS_PODFILE_DIR_PATH}/Podfile.lock",
				"${PODS_ROOT}/Manifest.lock",
			);
			name = "[CP] Check Pods Manifest.lock";
			outputFileListPaths = (
			);
			outputPaths = (
				"$(DERIVED_FILE_DIR)/Pods-NetflixClone-checkManifestLockResult.txt",
			);
			runOnlyForDeploymentPostprocessing = 0;
			shellPath = /bin/sh;
			shellScript = "diff \"${PODS_PODFILE_DIR_PATH}/Podfile.lock\" \"${PODS_ROOT}/Manifest.lock\" > /dev/null\nif [ $? != 0 ] ; then\n    # print error to STDERR\n    echo \"error: The sandbox is not in sync with the Podfile.lock. Run 'pod install' or update your CocoaPods installation.\" >&2\n    exit 1\nfi\n# This output is used by Xcode 'outputs' to avoid re-running this script phase.\necho \"SUCCESS\" > \"${SCRIPT_OUTPUT_FILE_0}\"\n";
			showEnvVarsInLog = 0;
		};
/* End PBXShellScriptBuildPhase section */

/* Begin PBXSourcesBuildPhase section */
		B6176D45277B3A310047848B /* Sources */ = {
			isa = PBXSourcesBuildPhase;
			buildActionMask = 2147483647;
			files = (
				B6699AC627802A3400B207F3 /* EpisodesView.swift in Sources */,
				B6176D65277B55510047848B /* GlobalHelpers.swift in Sources */,
				B6699ABD2780115800B207F3 /* Trailer.swift in Sources */,
				B6A883EE277D730000BD316D /* Episode.swift in Sources */,
				B6699AC42780152E00B207F3 /* TrailersMoreView.swift in Sources */,
				B6176D6E277B6F1B0047848B /* PlayButton.swift in Sources */,
				B6176D5C277B3CE70047848B /* HomeView.swift in Sources */,
				B6699AC2278013D400B207F3 /* VideoPreviewImage.swift in Sources */,
				B6699ABB27800D6A00B207F3 /* MoreLikeView.swift in Sources */,
				B6176D67277B58260047848B /* HomeVM.swift in Sources */,
				B6176D4F277B3A310047848B /* ContentView.swift in Sources */,
				B6A883EC277D6E5600BD316D /* MovieDetails.swift in Sources */,
				B6176D5F277B54730047848B /* Movie.swift in Sources */,
				B624B7FF2786C7E90064FAC3 /* HomeStack.swift in Sources */,
				B6176D69277B62A60047848B /* TopMoviePreview.swift in Sources */,
				B6D48DB0277F658F0056AC60 /* CustomTabSwitcher.swift in Sources */,
				B6176D62277B55090047848B /* StandardMovieView.swift in Sources */,
				B6176D4D277B3A310047848B /* NetflixCloneApp.swift in Sources */,
				B6699AC0278011AA00B207F3 /* SwiftUIVideoView.swift in Sources */,
				B6176D6C277B67A80047848B /* SmallVerticalButton.swift in Sources */,
			);
			runOnlyForDeploymentPostprocessing = 0;
		};
/* End PBXSourcesBuildPhase section */

/* Begin XCBuildConfiguration section */
		B6176D55277B3A330047848B /* Debug */ = {
			isa = XCBuildConfiguration;
			buildSettings = {
				ALWAYS_SEARCH_USER_PATHS = NO;
				CLANG_ANALYZER_NONNULL = YES;
				CLANG_ANALYZER_NUMBER_OBJECT_CONVERSION = YES_AGGRESSIVE;
				CLANG_CXX_LANGUAGE_STANDARD = "gnu++17";
				CLANG_CXX_LIBRARY = "libc++";
				CLANG_ENABLE_MODULES = YES;
				CLANG_ENABLE_OBJC_ARC = YES;
				CLANG_ENABLE_OBJC_WEAK = YES;
				CLANG_WARN_BLOCK_CAPTURE_AUTORELEASING = YES;
				CLANG_WARN_BOOL_CONVERSION = YES;
				CLANG_WARN_COMMA = YES;
				CLANG_WARN_CONSTANT_CONVERSION = YES;
				CLANG_WARN_DEPRECATED_OBJC_IMPLEMENTATIONS = YES;
				CLANG_WARN_DIRECT_OBJC_ISA_USAGE = YES_ERROR;
				CLANG_WARN_DOCUMENTATION_COMMENTS = YES;
				CLANG_WARN_EMPTY_BODY = YES;
				CLANG_WARN_ENUM_CONVERSION = YES;
				CLANG_WARN_INFINITE_RECURSION = YES;
				CLANG_WARN_INT_CONVERSION = YES;
				CLANG_WARN_NON_LITERAL_NULL_CONVERSION = YES;
				CLANG_WARN_OBJC_IMPLICIT_RETAIN_SELF = YES;
				CLANG_WARN_OBJC_LITERAL_CONVERSION = YES;
				CLANG_WARN_OBJC_ROOT_CLASS = YES_ERROR;
				CLANG_WARN_QUOTED_INCLUDE_IN_FRAMEWORK_HEADER = YES;
				CLANG_WARN_RANGE_LOOP_ANALYSIS = YES;
				CLANG_WARN_STRICT_PROTOTYPES = YES;
				CLANG_WARN_SUSPICIOUS_MOVE = YES;
				CLANG_WARN_UNGUARDED_AVAILABILITY = YES_AGGRESSIVE;
				CLANG_WARN_UNREACHABLE_CODE = YES;
				CLANG_WARN__DUPLICATE_METHOD_MATCH = YES;
				COPY_PHASE_STRIP = NO;
				DEBUG_INFORMATION_FORMAT = dwarf;
				ENABLE_STRICT_OBJC_MSGSEND = YES;
				ENABLE_TESTABILITY = YES;
				GCC_C_LANGUAGE_STANDARD = gnu11;
				GCC_DYNAMIC_NO_PIC = NO;
				GCC_NO_COMMON_BLOCKS = YES;
				GCC_OPTIMIZATION_LEVEL = 0;
				GCC_PREPROCESSOR_DEFINITIONS = (
					"DEBUG=1",
					"$(inherited)",
				);
				GCC_WARN_64_TO_32_BIT_CONVERSION = YES;
				GCC_WARN_ABOUT_RETURN_TYPE = YES_ERROR;
				GCC_WARN_UNDECLARED_SELECTOR = YES;
				GCC_WARN_UNINITIALIZED_AUTOS = YES_AGGRESSIVE;
				GCC_WARN_UNUSED_FUNCTION = YES;
				GCC_WARN_UNUSED_VARIABLE = YES;
				IPHONEOS_DEPLOYMENT_TARGET = 15.2;
				MTL_ENABLE_DEBUG_INFO = INCLUDE_SOURCE;
				MTL_FAST_MATH = YES;
				ONLY_ACTIVE_ARCH = YES;
				SDKROOT = iphoneos;
				SWIFT_ACTIVE_COMPILATION_CONDITIONS = DEBUG;
				SWIFT_OPTIMIZATION_LEVEL = "-Onone";
			};
			name = Debug;
		};
		B6176D56277B3A330047848B /* Release */ = {
			isa = XCBuildConfiguration;
			buildSettings = {
				ALWAYS_SEARCH_USER_PATHS = NO;
				CLANG_ANALYZER_NONNULL = YES;
				CLANG_ANALYZER_NUMBER_OBJECT_CONVERSION = YES_AGGRESSIVE;
				CLANG_CXX_LANGUAGE_STANDARD = "gnu++17";
				CLANG_CXX_LIBRARY = "libc++";
				CLANG_ENABLE_MODULES = YES;
				CLANG_ENABLE_OBJC_ARC = YES;
				CLANG_ENABLE_OBJC_WEAK = YES;
				CLANG_WARN_BLOCK_CAPTURE_AUTORELEASING = YES;
				CLANG_WARN_BOOL_CONVERSION = YES;
				CLANG_WARN_COMMA = YES;
				CLANG_WARN_CONSTANT_CONVERSION = YES;
				CLANG_WARN_DEPRECATED_OBJC_IMPLEMENTATIONS = YES;
				CLANG_WARN_DIRECT_OBJC_ISA_USAGE = YES_ERROR;
				CLANG_WARN_DOCUMENTATION_COMMENTS = YES;
				CLANG_WARN_EMPTY_BODY = YES;
				CLANG_WARN_ENUM_CONVERSION = YES;
				CLANG_WARN_INFINITE_RECURSION = YES;
				CLANG_WARN_INT_CONVERSION = YES;
				CLANG_WARN_NON_LITERAL_NULL_CONVERSION = YES;
				CLANG_WARN_OBJC_IMPLICIT_RETAIN_SELF = YES;
				CLANG_WARN_OBJC_LITERAL_CONVERSION = YES;
				CLANG_WARN_OBJC_ROOT_CLASS = YES_ERROR;
				CLANG_WARN_QUOTED_INCLUDE_IN_FRAMEWORK_HEADER = YES;
				CLANG_WARN_RANGE_LOOP_ANALYSIS = YES;
				CLANG_WARN_STRICT_PROTOTYPES = YES;
				CLANG_WARN_SUSPICIOUS_MOVE = YES;
				CLANG_WARN_UNGUARDED_AVAILABILITY = YES_AGGRESSIVE;
				CLANG_WARN_UNREACHABLE_CODE = YES;
				CLANG_WARN__DUPLICATE_METHOD_MATCH = YES;
				COPY_PHASE_STRIP = NO;
				DEBUG_INFORMATION_FORMAT = "dwarf-with-dsym";
				ENABLE_NS_ASSERTIONS = NO;
				ENABLE_STRICT_OBJC_MSGSEND = YES;
				GCC_C_LANGUAGE_STANDARD = gnu11;
				GCC_NO_COMMON_BLOCKS = YES;
				GCC_WARN_64_TO_32_BIT_CONVERSION = YES;
				GCC_WARN_ABOUT_RETURN_TYPE = YES_ERROR;
				GCC_WARN_UNDECLARED_SELECTOR = YES;
				GCC_WARN_UNINITIALIZED_AUTOS = YES_AGGRESSIVE;
				GCC_WARN_UNUSED_FUNCTION = YES;
				GCC_WARN_UNUSED_VARIABLE = YES;
				IPHONEOS_DEPLOYMENT_TARGET = 15.2;
				MTL_ENABLE_DEBUG_INFO = NO;
				MTL_FAST_MATH = YES;
				SDKROOT = iphoneos;
				SWIFT_COMPILATION_MODE = wholemodule;
				SWIFT_OPTIMIZATION_LEVEL = "-O";
				VALIDATE_PRODUCT = YES;
			};
			name = Release;
		};
		B6176D58277B3A330047848B /* Debug */ = {
			isa = XCBuildConfiguration;
			baseConfigurationReference = 37A1E7A856BE91C0C8FAC1A9 /* Pods-NetflixClone.debug.xcconfig */;
			buildSettings = {
				ASSETCATALOG_COMPILER_APPICON_NAME = AppIcon;
				ASSETCATALOG_COMPILER_GLOBAL_ACCENT_COLOR_NAME = AccentColor;
				CODE_SIGN_STYLE = Automatic;
				CURRENT_PROJECT_VERSION = 1;
				DEVELOPMENT_ASSET_PATHS = "\"NetflixClone/Preview Content\"";
				DEVELOPMENT_TEAM = 5U5XVGA53M;
				ENABLE_PREVIEWS = YES;
				GENERATE_INFOPLIST_FILE = YES;
				INFOPLIST_KEY_UIApplicationSceneManifest_Generation = YES;
				INFOPLIST_KEY_UIApplicationSupportsIndirectInputEvents = YES;
				INFOPLIST_KEY_UILaunchScreen_Generation = YES;
				INFOPLIST_KEY_UISupportedInterfaceOrientations_iPad = "UIInterfaceOrientationPortrait UIInterfaceOrientationPortraitUpsideDown UIInterfaceOrientationLandscapeLeft UIInterfaceOrientationLandscapeRight";
				INFOPLIST_KEY_UISupportedInterfaceOrientations_iPhone = "UIInterfaceOrientationPortrait UIInterfaceOrientationLandscapeLeft UIInterfaceOrientationLandscapeRight";
				IPHONEOS_DEPLOYMENT_TARGET = 14.0;
				LD_RUNPATH_SEARCH_PATHS = (
					"$(inherited)",
					"@executable_path/Frameworks",
				);
				MARKETING_VERSION = 1.0;
				PRODUCT_BUNDLE_IDENTIFIER = zayfus.com.NetflixClone;
				PRODUCT_NAME = "$(TARGET_NAME)";
				SWIFT_EMIT_LOC_STRINGS = YES;
				SWIFT_VERSION = 5.0;
				TARGETED_DEVICE_FAMILY = "1,2";
			};
			name = Debug;
		};
		B6176D59277B3A330047848B /* Release */ = {
			isa = XCBuildConfiguration;
			baseConfigurationReference = 07645EE69FE260B66EED5070 /* Pods-NetflixClone.release.xcconfig */;
			buildSettings = {
				ASSETCATALOG_COMPILER_APPICON_NAME = AppIcon;
				ASSETCATALOG_COMPILER_GLOBAL_ACCENT_COLOR_NAME = AccentColor;
				CODE_SIGN_STYLE = Automatic;
				CURRENT_PROJECT_VERSION = 1;
				DEVELOPMENT_ASSET_PATHS = "\"NetflixClone/Preview Content\"";
				DEVELOPMENT_TEAM = 5U5XVGA53M;
				ENABLE_PREVIEWS = YES;
				GENERATE_INFOPLIST_FILE = YES;
				INFOPLIST_KEY_UIApplicationSceneManifest_Generation = YES;
				INFOPLIST_KEY_UIApplicationSupportsIndirectInputEvents = YES;
				INFOPLIST_KEY_UILaunchScreen_Generation = YES;
				INFOPLIST_KEY_UISupportedInterfaceOrientations_iPad = "UIInterfaceOrientationPortrait UIInterfaceOrientationPortraitUpsideDown UIInterfaceOrientationLandscapeLeft UIInterfaceOrientationLandscapeRight";
				INFOPLIST_KEY_UISupportedInterfaceOrientations_iPhone = "UIInterfaceOrientationPortrait UIInterfaceOrientationLandscapeLeft UIInterfaceOrientationLandscapeRight";
				IPHONEOS_DEPLOYMENT_TARGET = 14.0;
				LD_RUNPATH_SEARCH_PATHS = (
					"$(inherited)",
					"@executable_path/Frameworks",
				);
				MARKETING_VERSION = 1.0;
				PRODUCT_BUNDLE_IDENTIFIER = zayfus.com.NetflixClone;
				PRODUCT_NAME = "$(TARGET_NAME)";
				SWIFT_EMIT_LOC_STRINGS = YES;
				SWIFT_VERSION = 5.0;
				TARGETED_DEVICE_FAMILY = "1,2";
			};
			name = Release;
		};
/* End XCBuildConfiguration section */

/* Begin XCConfigurationList section */
		B6176D44277B3A310047848B /* Build configuration list for PBXProject "NetflixClone" */ = {
			isa = XCConfigurationList;
			buildConfigurations = (
				B6176D55277B3A330047848B /* Debug */,
				B6176D56277B3A330047848B /* Release */,
			);
			defaultConfigurationIsVisible = 0;
			defaultConfigurationName = Release;
		};
		B6176D57277B3A330047848B /* Build configuration list for PBXNativeTarget "NetflixClone" */ = {
			isa = XCConfigurationList;
			buildConfigurations = (
				B6176D58277B3A330047848B /* Debug */,
				B6176D59277B3A330047848B /* Release */,
			);
			defaultConfigurationIsVisible = 0;
			defaultConfigurationName = Release;
		};
/* End XCConfigurationList section */
	};
	rootObject = B6176D41277B3A310047848B /* Project object */;
}
